
Microsoft Visual Studio Solution File, Format Version 12.00
# Visual Studio Version 17
VisualStudioVersion = 17.2.32602.215
MinimumVisualStudioVersion = 10.0.40219.1
Project("{FAE04EC0-301F-11D3-BF4B-00C04F79EFBC}") = "VisionTestLibrary", "VisionTestLibrary\VisionTestLibrary.csproj", "{D5A7ED44-6EDD-4C74-A3FF-1FF7563EC4C7}"
EndProject
Project("{FAE04EC0-301F-11D3-BF4B-00C04F79EFBC}") = "TestProject1", "TestProject1\TestProject1.csproj", "{5471B433-1286-45F7-BDCE-CEACB9140BBC}"
EndProject
Global
	GlobalSection(SolutionConfigurationPlatforms) = preSolution
		Debug|x64 = Debug|x64
		Debug|x86 = Debug|x86
		Release|x64 = Release|x64
		Release|x86 = Release|x86
	EndGlobalSection
	GlobalSection(ProjectConfigurationPlatforms) = postSolution
		{D5A7ED44-6EDD-4C74-A3FF-1FF7563EC4C7}.Debug|x64.ActiveCfg = Debug|x64
		{D5A7ED44-6EDD-4C74-A3FF-1FF7563EC4C7}.Debug|x64.Build.0 = Debug|x64
		{D5A7ED44-6EDD-4C74-A3FF-1FF7563EC4C7}.Debug|x86.ActiveCfg = Debug|x86
		{D5A7ED44-6EDD-4C74-A3FF-1FF7563EC4C7}.Debug|x86.Build.0 = Debug|x86
		{D5A7ED44-6EDD-4C74-A3FF-1FF7563EC4C7}.Release|x64.ActiveCfg = Release|x64
		{D5A7ED44-6EDD-4C74-A3FF-1FF7563EC4C7}.Release|x64.Build.0 = Release|x64
		{D5A7ED44-6EDD-4C74-A3FF-1FF7563EC4C7}.Release|x86.ActiveCfg = Release|x86
		{D5A7ED44-6EDD-4C74-A3FF-1FF7563EC4C7}.Release|x86.Build.0 = Release|x86
		{5471B433-1286-45F7-BDCE-CEACB9140BBC}.Debug|x64.ActiveCfg = Debug|x64
		{5471B433-1286-45F7-BDCE-CEACB9140BBC}.Debug|x64.Build.0 = Debug|x64
		{5471B433-1286-45F7-BDCE-CEACB9140BBC}.Debug|x86.ActiveCfg = Debug|x86
		{5471B433-1286-45F7-BDCE-CEACB9140BBC}.Debug|x86.Build.0 = Debug|x86
		{5471B433-1286-45F7-BDCE-CEACB9140BBC}.Release|x64.ActiveCfg = Release|x64
		{5471B433-1286-45F7-BDCE-CEACB9140BBC}.Release|x64.Build.0 = Release|x64
		{5471B433-1286-45F7-BDCE-CEACB9140BBC}.Release|x86.ActiveCfg = Release|x86
		{5471B433-1286-45F7-BDCE-CEACB9140BBC}.Release|x86.Build.0 = Release|x86
	EndGlobalSection
	GlobalSection(SolutionProperties) = preSolution
		HideSolutionNode = FALSE
	EndGlobalSection
	GlobalSection(ExtensibilityGlobals) = postSolution
		SolutionGuid = {ACCEEA8D-0F5F-41D0-8630-607E83724983}
	EndGlobalSection
EndGlobal
